github.com/Tilps/chess v0.0.0-20200409092358-c35715299813 h1:9SCZ8ooOu4zJEgPuv90hPtkTT5XEIq1K0j2/Jrunsb4=
github.com/Tilps/chess v0.0.0-20200409092358-c35715299813/go.mod h1:p5ClvMMzXkXDcSis21aF6thPWChCbR1YRrTGbEhwA6w=
github.com/nightlyone/lockfile v1.0.1-0.20201014160207-368fd4d5d6ae h1:ZD/X4pxMoJCbiaaxKpSl5hxmr0l0TTiVrF1BPvKThU4=
github.com/nightlyone/lockfile v1.0.1-0.20201014160207-368fd4d5d6ae/go.mod h1:rywoIealpdNse2r832aiD9jRk8ErCatROs6LzC841CI=
